
Microsoft Visual Studio Solution File, Format Version 12.00
# Visual Studio 2013
VisualStudioVersion = 12.0.30723.0
MinimumVisualStudioVersion = 10.0.40219.1
Project("{FAE04EC0-301F-11D3-BF4B-00C04F79EFBC}") = "HelloPi", "HelloPi\HelloPi.csproj", "{842B69C1-F79F-47CD-B607-4B73C6855057}"
EndProject
Global
	GlobalSection(SolutionConfigurationPlatforms) = preSolution
		Debug|Any CPU = Debug|Any CPU
		Release|Any CPU = Release|Any CPU
	EndGlobalSection
	GlobalSection(ProjectConfigurationPlatforms) = postSolution
		{842B69C1-F79F-47CD-B607-4B73C6855057}.Debug|Any CPU.ActiveCfg = Debug|Any CPU
		{842B69C1-F79F-47CD-B607-4B73C6855057}.Debug|Any CPU.Build.0 = Debug|Any CPU
		{842B69C1-F79F-47CD-B607-4B73C6855057}.Release|Any CPU.ActiveCfg = Release|Any CPU
		{842B69C1-F79F-47CD-B607-4B73C6855057}.Release|Any CPU.Build.0 = Release|Any CPU
	EndGlobalSection
	GlobalSection(SolutionProperties) = preSolution
		HideSolutionNode = FALSE
	EndGlobalSection
EndGlobal
